{
  "object": {
    "pins": [
      {
        "package": "UIKitLivePreview",
        "repositoryURL": "https://github.com/nicoelayda/UIKitLivePreview.git",
        "state": {
          "branch": null,
          "revision": "c3fbb3ed00529a6a20caf29a70327a90c3744071",
          "version": "1.2.0"
        }
      }
    ]
  },
  "version": 1
}
