{
  "pins" : [
    {
      "identity" : "uikitlivepreview",
      "kind" : "remoteSourceControl",
      "location" : "https://github.com/nicoelayda/UIKitLivePreview.git",
      "state" : {
        "revision" : "e15c8dcc205465e9418408496a97c0b33e431f1d",
        "version" : "1.3.1"
      }
    }
  ],
  "version" : 2
}
